
Microsoft Visual Studio Solution File, Format Version 12.00
# Visual Studio Version 17
VisualStudioVersion = 17.9.34728.123
MinimumVisualStudioVersion = 10.0.40219.1
Project("{9A19103F-16F7-4668-BE54-9A1E7A4F7556}") = "IdentityService", "IdentityService\IdentityService.csproj", "{2C020F94-BEAD-483C-839C-42A3F3F63163}"
EndProject
Project("{9A19103F-16F7-4668-BE54-9A1E7A4F7556}") = "ProductService", "ProductService\ProductService.csproj", "{6A37E86A-8B92-41E7-8063-9FC8EC12770F}"
EndProject
Project("{9A19103F-16F7-4668-BE54-9A1E7A4F7556}") = "CustomerService", "CustomerService\CustomerService.csproj", "{5550034E-784A-4182-9D64-DF519D101B1E}"
EndProject
Project("{E53339B2-1760-4266-BCC7-CA923CBCF16C}") = "docker-compose", "docker-compose.dcproj", "{617DF06E-85F2-4EC5-A513-07DB560169AC}"
EndProject
Global
	GlobalSection(SolutionConfigurationPlatforms) = preSolution
		Debug|Any CPU = Debug|Any CPU
		Release|Any CPU = Release|Any CPU
	EndGlobalSection
	GlobalSection(ProjectConfigurationPlatforms) = postSolution
		{2C020F94-BEAD-483C-839C-42A3F3F63163}.Debug|Any CPU.ActiveCfg = Debug|Any CPU
		{2C020F94-BEAD-483C-839C-42A3F3F63163}.Debug|Any CPU.Build.0 = Debug|Any CPU
		{2C020F94-BEAD-483C-839C-42A3F3F63163}.Release|Any CPU.ActiveCfg = Release|Any CPU
		{2C020F94-BEAD-483C-839C-42A3F3F63163}.Release|Any CPU.Build.0 = Release|Any CPU
		{6A37E86A-8B92-41E7-8063-9FC8EC12770F}.Debug|Any CPU.ActiveCfg = Debug|Any CPU
		{6A37E86A-8B92-41E7-8063-9FC8EC12770F}.Debug|Any CPU.Build.0 = Debug|Any CPU
		{6A37E86A-8B92-41E7-8063-9FC8EC12770F}.Release|Any CPU.ActiveCfg = Release|Any CPU
		{6A37E86A-8B92-41E7-8063-9FC8EC12770F}.Release|Any CPU.Build.0 = Release|Any CPU
		{5550034E-784A-4182-9D64-DF519D101B1E}.Debug|Any CPU.ActiveCfg = Debug|Any CPU
		{5550034E-784A-4182-9D64-DF519D101B1E}.Debug|Any CPU.Build.0 = Debug|Any CPU
		{5550034E-784A-4182-9D64-DF519D101B1E}.Release|Any CPU.ActiveCfg = Release|Any CPU
		{5550034E-784A-4182-9D64-DF519D101B1E}.Release|Any CPU.Build.0 = Release|Any CPU
		{617DF06E-85F2-4EC5-A513-07DB560169AC}.Debug|Any CPU.ActiveCfg = Debug|Any CPU
		{617DF06E-85F2-4EC5-A513-07DB560169AC}.Debug|Any CPU.Build.0 = Debug|Any CPU
		{617DF06E-85F2-4EC5-A513-07DB560169AC}.Release|Any CPU.ActiveCfg = Release|Any CPU
		{617DF06E-85F2-4EC5-A513-07DB560169AC}.Release|Any CPU.Build.0 = Release|Any CPU
	EndGlobalSection
	GlobalSection(SolutionProperties) = preSolution
		HideSolutionNode = FALSE
	EndGlobalSection
	GlobalSection(ExtensibilityGlobals) = postSolution
		SolutionGuid = {44DB2586-BE13-4AD1-962B-5E6E18AC4F16}
	EndGlobalSection
EndGlobal
